
Microsoft Visual Studio Solution File, Format Version 12.00
# Visual Studio Version 17
VisualStudioVersion = 17.7.34031.279
MinimumVisualStudioVersion = 10.0.40219.1
Project("{FAE04EC0-301F-11D3-BF4B-00C04F79EFBC}") = "GA_AbstractClass_StephanieLopez", "GA_AbstractClass_StephanieLopez.csproj", "{D1734FD4-B3EC-4165-A4E4-EB30E09199C8}"
EndProject
Global
	GlobalSection(SolutionConfigurationPlatforms) = preSolution
		Debug|Any CPU = Debug|Any CPU
		Release|Any CPU = Release|Any CPU
	EndGlobalSection
	GlobalSection(ProjectConfigurationPlatforms) = postSolution
		{D1734FD4-B3EC-4165-A4E4-EB30E09199C8}.Debug|Any CPU.ActiveCfg = Debug|Any CPU
		{D1734FD4-B3EC-4165-A4E4-EB30E09199C8}.Debug|Any CPU.Build.0 = Debug|Any CPU
		{D1734FD4-B3EC-4165-A4E4-EB30E09199C8}.Release|Any CPU.ActiveCfg = Release|Any CPU
		{D1734FD4-B3EC-4165-A4E4-EB30E09199C8}.Release|Any CPU.Build.0 = Release|Any CPU
	EndGlobalSection
	GlobalSection(SolutionProperties) = preSolution
		HideSolutionNode = FALSE
	EndGlobalSection
	GlobalSection(ExtensibilityGlobals) = postSolution
		SolutionGuid = {CC2360E9-80AF-4F01-9507-CBDB2B4D64AC}
	EndGlobalSection
EndGlobal
